
Microsoft Visual Studio Solution File, Format Version 12.00
# Visual Studio Version 17
VisualStudioVersion = 17.8.34316.72
MinimumVisualStudioVersion = 10.0.40219.1
Project("{FAE04EC0-301F-11D3-BF4B-00C04F79EFBC}") = "Övningsuppgifter5-2", "Övningsuppgifter5-2\Övningsuppgifter5-2.csproj", "{8161C525-3C88-4DD6-8ADF-8388D6DD35BB}"
EndProject
Project("{FAE04EC0-301F-11D3-BF4B-00C04F79EFBC}") = "DataAccess", "DataAccess\DataAccess.csproj", "{FFB8C91D-EF81-48AF-991B-BEF09CAFC2F6}"
EndProject
Global
	GlobalSection(SolutionConfigurationPlatforms) = preSolution
		Debug|Any CPU = Debug|Any CPU
		Release|Any CPU = Release|Any CPU
	EndGlobalSection
	GlobalSection(ProjectConfigurationPlatforms) = postSolution
		{8161C525-3C88-4DD6-8ADF-8388D6DD35BB}.Debug|Any CPU.ActiveCfg = Debug|Any CPU
		{8161C525-3C88-4DD6-8ADF-8388D6DD35BB}.Debug|Any CPU.Build.0 = Debug|Any CPU
		{8161C525-3C88-4DD6-8ADF-8388D6DD35BB}.Release|Any CPU.ActiveCfg = Release|Any CPU
		{8161C525-3C88-4DD6-8ADF-8388D6DD35BB}.Release|Any CPU.Build.0 = Release|Any CPU
		{FFB8C91D-EF81-48AF-991B-BEF09CAFC2F6}.Debug|Any CPU.ActiveCfg = Debug|Any CPU
		{FFB8C91D-EF81-48AF-991B-BEF09CAFC2F6}.Debug|Any CPU.Build.0 = Debug|Any CPU
		{FFB8C91D-EF81-48AF-991B-BEF09CAFC2F6}.Release|Any CPU.ActiveCfg = Release|Any CPU
		{FFB8C91D-EF81-48AF-991B-BEF09CAFC2F6}.Release|Any CPU.Build.0 = Release|Any CPU
	EndGlobalSection
	GlobalSection(SolutionProperties) = preSolution
		HideSolutionNode = FALSE
	EndGlobalSection
	GlobalSection(ExtensibilityGlobals) = postSolution
		SolutionGuid = {352853BF-AF3D-41A0-8259-14DAB9A380E0}
	EndGlobalSection
EndGlobal
