
Microsoft Visual Studio Solution File, Format Version 12.00
# Visual Studio Version 17
VisualStudioVersion = 17.8.34316.72
MinimumVisualStudioVersion = 10.0.40219.1
Project("{9A19103F-16F7-4668-BE54-9A1E7A4F7556}") = "Övningsuppgifter5", "Övningsuppgifter5\Övningsuppgifter5.csproj", "{5565C739-2348-4900-95E9-B2A664DB1E86}"
EndProject
Project("{9A19103F-16F7-4668-BE54-9A1E7A4F7556}") = "DataAccess", "EF\DataAccess.csproj", "{155CD2AC-96E8-4E39-940D-D9C1707B41C4}"
EndProject
Global
	GlobalSection(SolutionConfigurationPlatforms) = preSolution
		Debug|Any CPU = Debug|Any CPU
		Release|Any CPU = Release|Any CPU
	EndGlobalSection
	GlobalSection(ProjectConfigurationPlatforms) = postSolution
		{5565C739-2348-4900-95E9-B2A664DB1E86}.Debug|Any CPU.ActiveCfg = Debug|Any CPU
		{5565C739-2348-4900-95E9-B2A664DB1E86}.Debug|Any CPU.Build.0 = Debug|Any CPU
		{5565C739-2348-4900-95E9-B2A664DB1E86}.Release|Any CPU.ActiveCfg = Release|Any CPU
		{5565C739-2348-4900-95E9-B2A664DB1E86}.Release|Any CPU.Build.0 = Release|Any CPU
		{155CD2AC-96E8-4E39-940D-D9C1707B41C4}.Debug|Any CPU.ActiveCfg = Debug|Any CPU
		{155CD2AC-96E8-4E39-940D-D9C1707B41C4}.Debug|Any CPU.Build.0 = Debug|Any CPU
		{155CD2AC-96E8-4E39-940D-D9C1707B41C4}.Release|Any CPU.ActiveCfg = Release|Any CPU
		{155CD2AC-96E8-4E39-940D-D9C1707B41C4}.Release|Any CPU.Build.0 = Release|Any CPU
	EndGlobalSection
	GlobalSection(SolutionProperties) = preSolution
		HideSolutionNode = FALSE
	EndGlobalSection
	GlobalSection(ExtensibilityGlobals) = postSolution
		SolutionGuid = {F7404473-3BEA-4E48-8819-AFDF33DCE27F}
	EndGlobalSection
EndGlobal
